
Microsoft Visual Studio Solution File, Format Version 12.00
# Visual Studio Version 17
VisualStudioVersion = 17.8.34316.72
MinimumVisualStudioVersion = 10.0.40219.1
Project("{FAE04EC0-301F-11D3-BF4B-00C04F79EFBC}") = "CovarianceAndContravarianceDelegate", "CovarianceAndContravarianceDelegate\CovarianceAndContravarianceDelegate.csproj", "{CE98ED95-57C5-4B65-96D0-6368AE10B236}"
EndProject
Global
	GlobalSection(SolutionConfigurationPlatforms) = preSolution
		Debug|Any CPU = Debug|Any CPU
		Release|Any CPU = Release|Any CPU
	EndGlobalSection
	GlobalSection(ProjectConfigurationPlatforms) = postSolution
		{CE98ED95-57C5-4B65-96D0-6368AE10B236}.Debug|Any CPU.ActiveCfg = Debug|Any CPU
		{CE98ED95-57C5-4B65-96D0-6368AE10B236}.Debug|Any CPU.Build.0 = Debug|Any CPU
		{CE98ED95-57C5-4B65-96D0-6368AE10B236}.Release|Any CPU.ActiveCfg = Release|Any CPU
		{CE98ED95-57C5-4B65-96D0-6368AE10B236}.Release|Any CPU.Build.0 = Release|Any CPU
	EndGlobalSection
	GlobalSection(SolutionProperties) = preSolution
		HideSolutionNode = FALSE
	EndGlobalSection
	GlobalSection(ExtensibilityGlobals) = postSolution
		SolutionGuid = {55E750E3-925F-47AD-AF52-0CF283D33DB6}
	EndGlobalSection
EndGlobal
